
Microsoft Visual Studio Solution File, Format Version 12.00
# Visual Studio 15
VisualStudioVersion = 15.0.28307.572
MinimumVisualStudioVersion = 10.0.40219.1
Project("{FAE04EC0-301F-11D3-BF4B-00C04F79EFBC}") = "HotelFrontProgram", "HotelFrontProgram\HotelFrontProgram.csproj", "{EC8BE506-C9FE-48D9-BD79-DBA13A278722}"
EndProject
Global
	GlobalSection(SolutionConfigurationPlatforms) = preSolution
		Debug|Any CPU = Debug|Any CPU
		Release|Any CPU = Release|Any CPU
	EndGlobalSection
	GlobalSection(ProjectConfigurationPlatforms) = postSolution
		{EC8BE506-C9FE-48D9-BD79-DBA13A278722}.Debug|Any CPU.ActiveCfg = Debug|Any CPU
		{EC8BE506-C9FE-48D9-BD79-DBA13A278722}.Debug|Any CPU.Build.0 = Debug|Any CPU
		{EC8BE506-C9FE-48D9-BD79-DBA13A278722}.Release|Any CPU.ActiveCfg = Release|Any CPU
		{EC8BE506-C9FE-48D9-BD79-DBA13A278722}.Release|Any CPU.Build.0 = Release|Any CPU
	EndGlobalSection
	GlobalSection(SolutionProperties) = preSolution
		HideSolutionNode = FALSE
	EndGlobalSection
	GlobalSection(ExtensibilityGlobals) = postSolution
		SolutionGuid = {19397FAB-32D1-4457-98B9-7AE51CEAA5AD}
	EndGlobalSection
EndGlobal
